// !$*UTF8*$!
{
	archiveVersion = 1;
	classes = {
	};
	objectVersion = 48;
	objects = {

/* Begin PBXBuildFile section */
		C839A7511FD72FE300DF23F1 /* AppDelegate.swift in Sources */ = {isa = PBXBuildFile; fileRef = C839A7501FD72FE300DF23F1 /* AppDelegate.swift */; };
		C839A7531FD72FE300DF23F1 /* ViewController.swift in Sources */ = {isa = PBXBuildFile; fileRef = C839A7521FD72FE300DF23F1 /* ViewController.swift */; };
		C839A7561FD72FE300DF23F1 /* Main.storyboard in Resources */ = {isa = PBXBuildFile; fileRef = C839A7541FD72FE300DF23F1 /* Main.storyboard */; };
		C839A7581FD72FE300DF23F1 /* Assets.xcassets in Resources */ = {isa = PBXBuildFile; fileRef = C839A7571FD72FE300DF23F1 /* Assets.xcassets */; };
		C839A75B1FD72FE300DF23F1 /* LaunchScreen.storyboard in Resources */ = {isa = PBXBuildFile; fileRef = C839A7591FD72FE300DF23F1 /* LaunchScreen.storyboard */; };
		C839A7661FD72FE300DF23F1 /* IMCTests.swift in Sources */ = {isa = PBXBuildFile; fileRef = C839A7651FD72FE300DF23F1 /* IMCTests.swift */; };
		C839A7711FD72FE300DF23F1 /* IMCUITests.swift in Sources */ = {isa = PBXBuildFile; fileRef = C839A7701FD72FE300DF23F1 /* IMCUITests.swift */; };
/* End PBXBuildFile section */

/* Begin PBXContainerItemProxy section */
		C839A7621FD72FE300DF23F1 /* PBXContainerItemProxy */ = {
			isa = PBXContainerItemProxy;
			containerPortal = C839A7451FD72FE200DF23F1 /* Project object */;
			proxyType = 1;
			remoteGlobalIDString = C839A74C1FD72FE200DF23F1;
			remoteInfo = IMC;
		};
		C839A76D1FD72FE300DF23F1 /* PBXContainerItemProxy */ = {
			isa = PBXContainerItemProxy;
			containerPortal = C839A7451FD72FE200DF23F1 /* Project object */;
			proxyType = 1;
			remoteGlobalIDString = C839A74C1FD72FE200DF23F1;
			remoteInfo = IMC;
		};
/* End PBXContainerItemProxy section */

/* Begin PBXFileReference section */
		C839A74D1FD72FE300DF23F1 /* IMC.app */ = {isa = PBXFileReference; explicitFileType = wrapper.application; includeInIndex = 0; path = IMC.app; sourceTree = BUILT_PRODUCTS_DIR; };
		C839A7501FD72FE300DF23F1 /* AppDelegate.swift */ = {isa = PBXFileReference; lastKnownFileType = sourcecode.swift; path = AppDelegate.swift; sourceTree = "<group>"; };
		C839A7521FD72FE300DF23F1 /* ViewController.swift */ = {isa = PBXFileReference; lastKnownFileType = sourcecode.swift; path = ViewController.swift; sourceTree = "<group>"; };
		C839A7551FD72FE300DF23F1 /* Base */ = {isa = PBXFileReference; lastKnownFileType = file.storyboard; name = Base; path = Base.lproj/Main.storyboard; sourceTree = "<group>"; };
		C839A7571FD72FE300DF23F1 /* Assets.xcassets */ = {isa = PBXFileReference; lastKnownFileType = folder.assetcatalog; path = Assets.xcassets; sourceTree = "<group>"; };
		C839A75A1FD72FE300DF23F1 /* Base */ = {isa = PBXFileReference; lastKnownFileType = file.storyboard; name = Base; path = Base.lproj/LaunchScreen.storyboard; sourceTree = "<group>"; };
		C839A75C1FD72FE300DF23F1 /* Info.plist */ = {isa = PBXFileReference; lastKnownFileType = text.plist.xml; path = Info.plist; sourceTree = "<group>"; };
		C839A7611FD72FE300DF23F1 /* IMCTests.xctest */ = {isa = PBXFileReference; explicitFileType = wrapper.cfbundle; includeInIndex = 0; path = IMCTests.xctest; sourceTree = BUILT_PRODUCTS_DIR; };
		C839A7651FD72FE300DF23F1 /* IMCTests.swift */ = {isa = PBXFileReference; lastKnownFileType = sourcecode.swift; path = IMCTests.swift; sourceTree = "<group>"; };
		C839A7671FD72FE300DF23F1 /* Info.plist */ = {isa = PBXFileReference; lastKnownFileType = text.plist.xml; path = Info.plist; sourceTree = "<group>"; };
		C839A76C1FD72FE300DF23F1 /* IMCUITests.xctest */ = {isa = PBXFileReference; explicitFileType = wrapper.cfbundle; includeInIndex = 0; path = IMCUITests.xctest; sourceTree = BUILT_PRODUCTS_DIR; };
		C839A7701FD72FE300DF23F1 /* IMCUITests.swift */ = {isa = PBXFileReference; lastKnownFileType = sourcecode.swift; path = IMCUITests.swift; sourceTree = "<group>"; };
		C839A7721FD72FE300DF23F1 /* Info.plist */ = {isa = PBXFileReference; lastKnownFileType = text.plist.xml; path = Info.plist; sourceTree = "<group>"; };
/* End PBXFileReference section */

/* Begin PBXFrameworksBuildPhase section */
		C839A74A1FD72FE200DF23F1 /* Frameworks */ = {
			isa = PBXFrameworksBuildPhase;
			buildActionMask = 2147483647;
			files = (
			);
			runOnlyForDeploymentPostprocessing = 0;
		};
		C839A75E1FD72FE300DF23F1 /* Frameworks */ = {
			isa = PBXFrameworksBuildPhase;
			buildActionMask = 2147483647;
			files = (
			);
			runOnlyForDeploymentPostprocessing = 0;
		};
		C839A7691FD72FE300DF23F1 /* Frameworks */ = {
			isa = PBXFrameworksBuildPhase;
			buildActionMask = 2147483647;
			files = (
			);
			runOnlyForDeploymentPostprocessing = 0;
		};
/* End PBXFrameworksBuildPhase section */

/* Begin PBXGroup section */
		C839A7441FD72FE200DF23F1 = {
			isa = PBXGroup;
			children = (
				C839A74F1FD72FE300DF23F1 /* IMC */,
				C839A7641FD72FE300DF23F1 /* IMCTests */,
				C839A76F1FD72FE300DF23F1 /* IMCUITests */,
				C839A74E1FD72FE300DF23F1 /* Products */,
			);
			sourceTree = "<group>";
		};
		C839A74E1FD72FE300DF23F1 /* Products */ = {
			isa = PBXGroup;
			children = (
				C839A74D1FD72FE300DF23F1 /* IMC.app */,
				C839A7611FD72FE300DF23F1 /* IMCTests.xctest */,
				C839A76C1FD72FE300DF23F1 /* IMCUITests.xctest */,
			);
			name = Products;
			sourceTree = "<group>";
		};
		C839A74F1FD72FE300DF23F1 /* IMC */ = {
			isa = PBXGroup;
			children = (
				C839A7501FD72FE300DF23F1 /* AppDelegate.swift */,
				C839A7521FD72FE300DF23F1 /* ViewController.swift */,
				C839A7541FD72FE300DF23F1 /* Main.storyboard */,
				C839A7571FD72FE300DF23F1 /* Assets.xcassets */,
				C839A7591FD72FE300DF23F1 /* LaunchScreen.storyboard */,
				C839A75C1FD72FE300DF23F1 /* Info.plist */,
			);
			path = IMC;
			sourceTree = "<group>";
		};
		C839A7641FD72FE300DF23F1 /* IMCTests */ = {
			isa = PBXGroup;
			children = (
				C839A7651FD72FE300DF23F1 /* IMCTests.swift */,
				C839A7671FD72FE300DF23F1 /* Info.plist */,
			);
			path = IMCTests;
			sourceTree = "<group>";
		};
		C839A76F1FD72FE300DF23F1 /* IMCUITests */ = {
			isa = PBXGroup;
			children = (
				C839A7701FD72FE300DF23F1 /* IMCUITests.swift */,
				C839A7721FD72FE300DF23F1 /* Info.plist */,
			);
			path = IMCUITests;
			sourceTree = "<group>";
		};
/* End PBXGroup section */

/* Begin PBXNativeTarget section */
		C839A74C1FD72FE200DF23F1 /* IMC */ = {
			isa = PBXNativeTarget;
			buildConfigurationList = C839A7751FD72FE300DF23F1 /* Build configuration list for PBXNativeTarget "IMC" */;
			buildPhases = (
				C839A7491FD72FE200DF23F1 /* Sources */,
				C839A74A1FD72FE200DF23F1 /* Frameworks */,
				C839A74B1FD72FE200DF23F1 /* Resources */,
			);
			buildRules = (
			);
			dependencies = (
			);
			name = IMC;
			productName = IMC;
			productReference = C839A74D1FD72FE300DF23F1 /* IMC.app */;
			productType = "com.apple.product-type.application";
		};
		C839A7601FD72FE300DF23F1 /* IMCTests */ = {
			isa = PBXNativeTarget;
			buildConfigurationList = C839A7781FD72FE300DF23F1 /* Build configuration list for PBXNativeTarget "IMCTests" */;
			buildPhases = (
				C839A75D1FD72FE300DF23F1 /* Sources */,
				C839A75E1FD72FE300DF23F1 /* Frameworks */,
				C839A75F1FD72FE300DF23F1 /* Resources */,
			);
			buildRules = (
			);
			dependencies = (
				C839A7631FD72FE300DF23F1 /* PBXTargetDependency */,
			);
			name = IMCTests;
			productName = IMCTests;
			productReference = C839A7611FD72FE300DF23F1 /* IMCTests.xctest */;
			productType = "com.apple.product-type.bundle.unit-test";
		};
		C839A76B1FD72FE300DF23F1 /* IMCUITests */ = {
			isa = PBXNativeTarget;
			buildConfigurationList = C839A77B1FD72FE300DF23F1 /* Build configuration list for PBXNativeTarget "IMCUITests" */;
			buildPhases = (
				C839A7681FD72FE300DF23F1 /* Sources */,
				C839A7691FD72FE300DF23F1 /* Frameworks */,
				C839A76A1FD72FE300DF23F1 /* Resources */,
			);
			buildRules = (
			);
			dependencies = (
				C839A76E1FD72FE300DF23F1 /* PBXTargetDependency */,
			);
			name = IMCUITests;
			productName = IMCUITests;
			productReference = C839A76C1FD72FE300DF23F1 /* IMCUITests.xctest */;
			productType = "com.apple.product-type.bundle.ui-testing";
		};
/* End PBXNativeTarget section */

/* Begin PBXProject section */
		C839A7451FD72FE200DF23F1 /* Project object */ = {
			isa = PBXProject;
			attributes = {
				LastSwiftUpdateCheck = 0900;
				LastUpgradeCheck = 0900;
				ORGANIZATIONNAME = "Ricardo Corrales";
				TargetAttributes = {
					C839A74C1FD72FE200DF23F1 = {
						CreatedOnToolsVersion = 9.0.1;
						ProvisioningStyle = Automatic;
					};
					C839A7601FD72FE300DF23F1 = {
						CreatedOnToolsVersion = 9.0.1;
						ProvisioningStyle = Automatic;
						TestTargetID = C839A74C1FD72FE200DF23F1;
					};
					C839A76B1FD72FE300DF23F1 = {
						CreatedOnToolsVersion = 9.0.1;
						ProvisioningStyle = Automatic;
						TestTargetID = C839A74C1FD72FE200DF23F1;
					};
				};
			};
			buildConfigurationList = C839A7481FD72FE200DF23F1 /* Build configuration list for PBXProject "IMC" */;
			compatibilityVersion = "Xcode 8.0";
			developmentRegion = en;
			hasScannedForEncodings = 0;
			knownRegions = (
				en,
				Base,
			);
			mainGroup = C839A7441FD72FE200DF23F1;
			productRefGroup = C839A74E1FD72FE300DF23F1 /* Products */;
			projectDirPath = "";
			projectRoot = "";
			targets = (
				C839A74C1FD72FE200DF23F1 /* IMC */,
				C839A7601FD72FE300DF23F1 /* IMCTests */,
				C839A76B1FD72FE300DF23F1 /* IMCUITests */,
			);
		};
/* End PBXProject section */

/* Begin PBXResourcesBuildPhase section */
		C839A74B1FD72FE200DF23F1 /* Resources */ = {
			isa = PBXResourcesBuildPhase;
			buildActionMask = 2147483647;
			files = (
				C839A75B1FD72FE300DF23F1 /* LaunchScreen.storyboard in Resources */,
				C839A7581FD72FE300DF23F1 /* Assets.xcassets in Resources */,
				C839A7561FD72FE300DF23F1 /* Main.storyboard in Resources */,
			);
			runOnlyForDeploymentPostprocessing = 0;
		};
		C839A75F1FD72FE300DF23F1 /* Resources */ = {
			isa = PBXResourcesBuildPhase;
			buildActionMask = 2147483647;
			files = (
			);
			runOnlyForDeploymentPostprocessing = 0;
		};
		C839A76A1FD72FE300DF23F1 /* Resources */ = {
			isa = PBXResourcesBuildPhase;
			buildActionMask = 2147483647;
			files = (
			);
			runOnlyForDeploymentPostprocessing = 0;
		};
/* End PBXResourcesBuildPhase section */

/* Begin PBXSourcesBuildPhase section */
		C839A7491FD72FE200DF23F1 /* Sources */ = {
			isa = PBXSourcesBuildPhase;
			buildActionMask = 2147483647;
			files = (
				C839A7531FD72FE300DF23F1 /* ViewController.swift in Sources */,
				C839A7511FD72FE300DF23F1 /* AppDelegate.swift in Sources */,
			);
			runOnlyForDeploymentPostprocessing = 0;
		};
		C839A75D1FD72FE300DF23F1 /* Sources */ = {
			isa = PBXSourcesBuildPhase;
			buildActionMask = 2147483647;
			files = (
				C839A7661FD72FE300DF23F1 /* IMCTests.swift in Sources */,
			);
			runOnlyForDeploymentPostprocessing = 0;
		};
		C839A7681FD72FE300DF23F1 /* Sources */ = {
			isa = PBXSourcesBuildPhase;
			buildActionMask = 2147483647;
			files = (
				C839A7711FD72FE300DF23F1 /* IMCUITests.swift in Sources */,
			);
			runOnlyForDeploymentPostprocessing = 0;
		};
/* End PBXSourcesBuildPhase section */

/* Begin PBXTargetDependency section */
		C839A7631FD72FE300DF23F1 /* PBXTargetDependency */ = {
			isa = PBXTargetDependency;
			target = C839A74C1FD72FE200DF23F1 /* IMC */;
			targetProxy = C839A7621FD72FE300DF23F1 /* PBXContainerItemProxy */;
		};
		C839A76E1FD72FE300DF23F1 /* PBXTargetDependency */ = {
			isa = PBXTargetDependency;
			target = C839A74C1FD72FE200DF23F1 /* IMC */;
			targetProxy = C839A76D1FD72FE300DF23F1 /* PBXContainerItemProxy */;
		};
/* End PBXTargetDependency section */

/* Begin PBXVariantGroup section */
		C839A7541FD72FE300DF23F1 /* Main.storyboard */ = {
			isa = PBXVariantGroup;
			children = (
				C839A7551FD72FE300DF23F1 /* Base */,
			);
			name = Main.storyboard;
			sourceTree = "<group>";
		};
		C839A7591FD72FE300DF23F1 /* LaunchScreen.storyboard */ = {
			isa = PBXVariantGroup;
			children = (
				C839A75A1FD72FE300DF23F1 /* Base */,
			);
			name = LaunchScreen.storyboard;
			sourceTree = "<group>";
		};
/* End PBXVariantGroup section */

/* Begin XCBuildConfiguration section */
		C839A7731FD72FE300DF23F1 /* Debug */ = {
			isa = XCBuildConfiguration;
			buildSettings = {
				ALWAYS_SEARCH_USER_PATHS = NO;
				CLANG_ANALYZER_NONNULL = YES;
				CLANG_ANALYZER_NUMBER_OBJECT_CONVERSION = YES_AGGRESSIVE;
				CLANG_CXX_LANGUAGE_STANDARD = "gnu++14";
				CLANG_CXX_LIBRARY = "libc++";
				CLANG_ENABLE_MODULES = YES;
				CLANG_ENABLE_OBJC_ARC = YES;
				CLANG_WARN_BLOCK_CAPTURE_AUTORELEASING = YES;
				CLANG_WARN_BOOL_CONVERSION = YES;
				CLANG_WARN_COMMA = YES;
				CLANG_WARN_CONSTANT_CONVERSION = YES;
				CLANG_WARN_DIRECT_OBJC_ISA_USAGE = YES_ERROR;
				CLANG_WARN_DOCUMENTATION_COMMENTS = YES;
				CLANG_WARN_EMPTY_BODY = YES;
				CLANG_WARN_ENUM_CONVERSION = YES;
				CLANG_WARN_INFINITE_RECURSION = YES;
				CLANG_WARN_INT_CONVERSION = YES;
				CLANG_WARN_NON_LITERAL_NULL_CONVERSION = YES;
				CLANG_WARN_OBJC_LITERAL_CONVERSION = YES;
				CLANG_WARN_OBJC_ROOT_CLASS = YES_ERROR;
				CLANG_WARN_RANGE_LOOP_ANALYSIS = YES;
				CLANG_WARN_STRICT_PROTOTYPES = YES;
				CLANG_WARN_SUSPICIOUS_MOVE = YES;
				CLANG_WARN_UNGUARDED_AVAILABILITY = YES_AGGRESSIVE;
				CLANG_WARN_UNREACHABLE_CODE = YES;
				CLANG_WARN__DUPLICATE_METHOD_MATCH = YES;
				CODE_SIGN_IDENTITY = "iPhone Developer";
				COPY_PHASE_STRIP = NO;
				DEBUG_INFORMATION_FORMAT = dwarf;
				ENABLE_STRICT_OBJC_MSGSEND = YES;
				ENABLE_TESTABILITY = YES;
				GCC_C_LANGUAGE_STANDARD = gnu11;
				GCC_DYNAMIC_NO_PIC = NO;
				GCC_NO_COMMON_BLOCKS = YES;
				GCC_OPTIMIZATION_LEVEL = 0;
				GCC_PREPROCESSOR_DEFINITIONS = (
					"DEBUG=1",
					"$(inherited)",
				);
				GCC_WARN_64_TO_32_BIT_CONVERSION = YES;
				GCC_WARN_ABOUT_RETURN_TYPE = YES_ERROR;
				GCC_WARN_UNDECLARED_SELECTOR = YES;
				GCC_WARN_UNINITIALIZED_AUTOS = YES_AGGRESSIVE;
				GCC_WARN_UNUSED_FUNCTION = YES;
				GCC_WARN_UNUSED_VARIABLE = YES;
				IPHONEOS_DEPLOYMENT_TARGET = 11.0;
				MTL_ENABLE_DEBUG_INFO = YES;
				ONLY_ACTIVE_ARCH = YES;
				SDKROOT = iphoneos;
				SWIFT_ACTIVE_COMPILATION_CONDITIONS = DEBUG;
				SWIFT_OPTIMIZATION_LEVEL = "-Onone";
			};
			name = Debug;
		};
		C839A7741FD72FE300DF23F1 /* Release */ = {
			isa = XCBuildConfiguration;
			buildSettings = {
				ALWAYS_SEARCH_USER_PATHS = NO;
				CLANG_ANALYZER_NONNULL = YES;
				CLANG_ANALYZER_NUMBER_OBJECT_CONVERSION = YES_AGGRESSIVE;
				CLANG_CXX_LANGUAGE_STANDARD = "gnu++14";
				CLANG_CXX_LIBRARY = "libc++";
				CLANG_ENABLE_MODULES = YES;
				CLANG_ENABLE_OBJC_ARC = YES;
				CLANG_WARN_BLOCK_CAPTURE_AUTORELEASING = YES;
				CLANG_WARN_BOOL_CONVERSION = YES;
				CLANG_WARN_COMMA = YES;
				CLANG_WARN_CONSTANT_CONVERSION = YES;
				CLANG_WARN_DIRECT_OBJC_ISA_USAGE = YES_ERROR;
				CLANG_WARN_DOCUMENTATION_COMMENTS = YES;
				CLANG_WARN_EMPTY_BODY = YES;
				CLANG_WARN_ENUM_CONVERSION = YES;
				CLANG_WARN_INFINITE_RECURSION = YES;
				CLANG_WARN_INT_CONVERSION = YES;
				CLANG_WARN_NON_LITERAL_NULL_CONVERSION = YES;
				CLANG_WARN_OBJC_LITERAL_CONVERSION = YES;
				CLANG_WARN_OBJC_ROOT_CLASS = YES_ERROR;
				CLANG_WARN_RANGE_LOOP_ANALYSIS = YES;
				CLANG_WARN_STRICT_PROTOTYPES = YES;
				CLANG_WARN_SUSPICIOUS_MOVE = YES;
				CLANG_WARN_UNGUARDED_AVAILABILITY = YES_AGGRESSIVE;
				CLANG_WARN_UNREACHABLE_CODE = YES;
				CLANG_WARN__DUPLICATE_METHOD_MATCH = YES;
				CODE_SIGN_IDENTITY = "iPhone Developer";
				COPY_PHASE_STRIP = NO;
				DEBUG_INFORMATION_FORMAT = "dwarf-with-dsym";
				ENABLE_NS_ASSERTIONS = NO;
				ENABLE_STRICT_OBJC_MSGSEND = YES;
				GCC_C_LANGUAGE_STANDARD = gnu11;
				GCC_NO_COMMON_BLOCKS = YES;
				GCC_WARN_64_TO_32_BIT_CONVERSION = YES;
				GCC_WARN_ABOUT_RETURN_TYPE = YES_ERROR;
				GCC_WARN_UNDECLARED_SELECTOR = YES;
				GCC_WARN_UNINITIALIZED_AUTOS = YES_AGGRESSIVE;
				GCC_WARN_UNUSED_FUNCTION = YES;
				GCC_WARN_UNUSED_VARIABLE = YES;
				IPHONEOS_DEPLOYMENT_TARGET = 11.0;
				MTL_ENABLE_DEBUG_INFO = NO;
				SDKROOT = iphoneos;
				SWIFT_OPTIMIZATION_LEVEL = "-Owholemodule";
				VALIDATE_PRODUCT = YES;
			};
			name = Release;
		};
		C839A7761FD72FE300DF23F1 /* Debug */ = {
			isa = XCBuildConfiguration;
			buildSettings = {
				ASSETCATALOG_COMPILER_APPICON_NAME = AppIcon;
				CODE_SIGN_STYLE = Automatic;
				INFOPLIST_FILE = IMC/Info.plist;
				LD_RUNPATH_SEARCH_PATHS = "$(inherited) @executable_path/Frameworks";
				PRODUCT_BUNDLE_IDENTIFIER = com.lucas.studies.IMC;
				PRODUCT_NAME = "$(TARGET_NAME)";
				SWIFT_VERSION = 4.0;
				TARGETED_DEVICE_FAMILY = "1,2";
			};
			name = Debug;
		};
		C839A7771FD72FE300DF23F1 /* Release */ = {
			isa = XCBuildConfiguration;
			buildSettings = {
				ASSETCATALOG_COMPILER_APPICON_NAME = AppIcon;
				CODE_SIGN_STYLE = Automatic;
				INFOPLIST_FILE = IMC/Info.plist;
				LD_RUNPATH_SEARCH_PATHS = "$(inherited) @executable_path/Frameworks";
				PRODUCT_BUNDLE_IDENTIFIER = com.lucas.studies.IMC;
				PRODUCT_NAME = "$(TARGET_NAME)";
				SWIFT_VERSION = 4.0;
				TARGETED_DEVICE_FAMILY = "1,2";
			};
			name = Release;
		};
		C839A7791FD72FE300DF23F1 /* Debug */ = {
			isa = XCBuildConfiguration;
			buildSettings = {
				ALWAYS_EMBED_SWIFT_STANDARD_LIBRARIES = YES;
				BUNDLE_LOADER = "$(TEST_HOST)";
				CODE_SIGN_STYLE = Automatic;
				INFOPLIST_FILE = IMCTests/Info.plist;
				LD_RUNPATH_SEARCH_PATHS = "$(inherited) @executable_path/Frameworks @loader_path/Frameworks";
				PRODUCT_BUNDLE_IDENTIFIER = com.lucas.studies.IMCTests;
				PRODUCT_NAME = "$(TARGET_NAME)";
				SWIFT_VERSION = 4.0;
				TARGETED_DEVICE_FAMILY = "1,2";
				TEST_HOST = "$(BUILT_PRODUCTS_DIR)/IMC.app/IMC";
			};
			name = Debug;
		};
		C839A77A1FD72FE300DF23F1 /* Release */ = {
			isa = XCBuildConfiguration;
			buildSettings = {
				ALWAYS_EMBED_SWIFT_STANDARD_LIBRARIES = YES;
				BUNDLE_LOADER = "$(TEST_HOST)";
				CODE_SIGN_STYLE = Automatic;
				INFOPLIST_FILE = IMCTests/Info.plist;
				LD_RUNPATH_SEARCH_PATHS = "$(inherited) @executable_path/Frameworks @loader_path/Frameworks";
				PRODUCT_BUNDLE_IDENTIFIER = com.lucas.studies.IMCTests;
				PRODUCT_NAME = "$(TARGET_NAME)";
				SWIFT_VERSION = 4.0;
				TARGETED_DEVICE_FAMILY = "1,2";
				TEST_HOST = "$(BUILT_PRODUCTS_DIR)/IMC.app/IMC";
			};
			name = Release;
		};
		C839A77C1FD72FE300DF23F1 /* Debug */ = {
			isa = XCBuildConfiguration;
			buildSettings = {
				ALWAYS_EMBED_SWIFT_STANDARD_LIBRARIES = YES;
				CODE_SIGN_STYLE = Automatic;
				INFOPLIST_FILE = IMCUITests/Info.plist;
				LD_RUNPATH_SEARCH_PATHS = "$(inherited) @executable_path/Frameworks @loader_path/Frameworks";
				PRODUCT_BUNDLE_IDENTIFIER = com.lucas.studies.IMCUITests;
				PRODUCT_NAME = "$(TARGET_NAME)";
				SWIFT_VERSION = 4.0;
				TARGETED_DEVICE_FAMILY = "1,2";
				TEST_TARGET_NAME = IMC;
			};
			name = Debug;
		};
		C839A77D1FD72FE300DF23F1 /* Release */ = {
			isa = XCBuildConfiguration;
			buildSettings = {
				ALWAYS_EMBED_SWIFT_STANDARD_LIBRARIES = YES;
				CODE_SIGN_STYLE = Automatic;
				INFOPLIST_FILE = IMCUITests/Info.plist;
				LD_RUNPATH_SEARCH_PATHS = "$(inherited) @executable_path/Frameworks @loader_path/Frameworks";
				PRODUCT_BUNDLE_IDENTIFIER = com.lucas.studies.IMCUITests;
				PRODUCT_NAME = "$(TARGET_NAME)";
				SWIFT_VERSION = 4.0;
				TARGETED_DEVICE_FAMILY = "1,2";
				TEST_TARGET_NAME = IMC;
			};
			name = Release;
		};
/* End XCBuildConfiguration section */

/* Begin XCConfigurationList section */
		C839A7481FD72FE200DF23F1 /* Build configuration list for PBXProject "IMC" */ = {
			isa = XCConfigurationList;
			buildConfigurations = (
				C839A7731FD72FE300DF23F1 /* Debug */,
				C839A7741FD72FE300DF23F1 /* Release */,
			);
			defaultConfigurationIsVisible = 0;
			defaultConfigurationName = Release;
		};
		C839A7751FD72FE300DF23F1 /* Build configuration list for PBXNativeTarget "IMC" */ = {
			isa = XCConfigurationList;
			buildConfigurations = (
				C839A7761FD72FE300DF23F1 /* Debug */,
				C839A7771FD72FE300DF23F1 /* Release */,
			);
			defaultConfigurationIsVisible = 0;
			defaultConfigurationName = Release;
		};
		C839A7781FD72FE300DF23F1 /* Build configuration list for PBXNativeTarget "IMCTests" */ = {
			isa = XCConfigurationList;
			buildConfigurations = (
				C839A7791FD72FE300DF23F1 /* Debug */,
				C839A77A1FD72FE300DF23F1 /* Release */,
			);
			defaultConfigurationIsVisible = 0;
			defaultConfigurationName = Release;
		};
		C839A77B1FD72FE300DF23F1 /* Build configuration list for PBXNativeTarget "IMCUITests" */ = {
			isa = XCConfigurationList;
			buildConfigurations = (
				C839A77C1FD72FE300DF23F1 /* Debug */,
				C839A77D1FD72FE300DF23F1 /* Release */,
			);
			defaultConfigurationIsVisible = 0;
			defaultConfigurationName = Release;
		};
/* End XCConfigurationList section */
	};
	rootObject = C839A7451FD72FE200DF23F1 /* Project object */;
}
